// !$*UTF8*$!
{
	archiveVersion = 1;
	classes = {
	};
	objectVersion = 55;
	objects = {

/* Begin PBXBuildFile section */
		7E7BD23C290392580002F5B9 /* vlkyvar.swift in Sources */ = {isa = PBXBuildFile; fileRef = 7E7BD23B290392580002F5B9 /* vlkyvar.swift */; };
		7E7BD23E290393580002F5B9 /* HomeView.swift in Sources */ = {isa = PBXBuildFile; fileRef = 7E7BD23D290393580002F5B9 /* HomeView.swift */; };
		7E7BD2402903937C0002F5B9 /* TimerView.swift in Sources */ = {isa = PBXBuildFile; fileRef = 7E7BD23F2903937C0002F5B9 /* TimerView.swift */; };
		7E7BD242290393BB0002F5B9 /* TodoView.swift in Sources */ = {isa = PBXBuildFile; fileRef = 7E7BD241290393BB0002F5B9 /* TodoView.swift */; };
		7E7BD244290393D70002F5B9 /* StoreView.swift in Sources */ = {isa = PBXBuildFile; fileRef = 7E7BD243290393D70002F5B9 /* StoreView.swift */; };
		7E91B3E329038800003A33E8 /* vlkyApp.swift in Sources */ = {isa = PBXBuildFile; fileRef = 7E91B3E229038800003A33E8 /* vlkyApp.swift */; };
		7E91B3E529038800003A33E8 /* ContentView.swift in Sources */ = {isa = PBXBuildFile; fileRef = 7E91B3E429038800003A33E8 /* ContentView.swift */; };
		7E91B3E729038804003A33E8 /* Assets.xcassets in Resources */ = {isa = PBXBuildFile; fileRef = 7E91B3E629038804003A33E8 /* Assets.xcassets */; };
		7E91B3EA29038804003A33E8 /* Preview Assets.xcassets in Resources */ = {isa = PBXBuildFile; fileRef = 7E91B3E929038804003A33E8 /* Preview Assets.xcassets */; };
/* End PBXBuildFile section */

/* Begin PBXFileReference section */
		7E7BD23B290392580002F5B9 /* vlkyvar.swift */ = {isa = PBXFileReference; lastKnownFileType = sourcecode.swift; path = vlkyvar.swift; sourceTree = "<group>"; };
		7E7BD23D290393580002F5B9 /* HomeView.swift */ = {isa = PBXFileReference; lastKnownFileType = sourcecode.swift; path = HomeView.swift; sourceTree = "<group>"; };
		7E7BD23F2903937C0002F5B9 /* TimerView.swift */ = {isa = PBXFileReference; lastKnownFileType = sourcecode.swift; path = TimerView.swift; sourceTree = "<group>"; };
		7E7BD241290393BB0002F5B9 /* TodoView.swift */ = {isa = PBXFileReference; lastKnownFileType = sourcecode.swift; path = TodoView.swift; sourceTree = "<group>"; };
		7E7BD243290393D70002F5B9 /* StoreView.swift */ = {isa = PBXFileReference; lastKnownFileType = sourcecode.swift; path = StoreView.swift; sourceTree = "<group>"; };
		7E91B3DF29038800003A33E8 /* vlky.app */ = {isa = PBXFileReference; explicitFileType = wrapper.application; includeInIndex = 0; path = vlky.app; sourceTree = BUILT_PRODUCTS_DIR; };
		7E91B3E229038800003A33E8 /* vlkyApp.swift */ = {isa = PBXFileReference; lastKnownFileType = sourcecode.swift; path = vlkyApp.swift; sourceTree = "<group>"; };
		7E91B3E429038800003A33E8 /* ContentView.swift */ = {isa = PBXFileReference; lastKnownFileType = sourcecode.swift; path = ContentView.swift; sourceTree = "<group>"; };
		7E91B3E629038804003A33E8 /* Assets.xcassets */ = {isa = PBXFileReference; lastKnownFileType = folder.assetcatalog; path = Assets.xcassets; sourceTree = "<group>"; };
		7E91B3E929038804003A33E8 /* Preview Assets.xcassets */ = {isa = PBXFileReference; lastKnownFileType = folder.assetcatalog; path = "Preview Assets.xcassets"; sourceTree = "<group>"; };
/* End PBXFileReference section */

/* Begin PBXFrameworksBuildPhase section */
		7E91B3DC29038800003A33E8 /* Frameworks */ = {
			isa = PBXFrameworksBuildPhase;
			buildActionMask = 2147483647;
			files = (
			);
			runOnlyForDeploymentPostprocessing = 0;
		};
/* End PBXFrameworksBuildPhase section */

/* Begin PBXGroup section */
		7E91B3D629038800003A33E8 = {
			isa = PBXGroup;
			children = (
				7E91B3E129038800003A33E8 /* vlky */,
				7E91B3E029038800003A33E8 /* Products */,
			);
			sourceTree = "<group>";
		};
		7E91B3E029038800003A33E8 /* Products */ = {
			isa = PBXGroup;
			children = (
				7E91B3DF29038800003A33E8 /* vlky.app */,
			);
			name = Products;
			sourceTree = "<group>";
		};
		7E91B3E129038800003A33E8 /* vlky */ = {
			isa = PBXGroup;
			children = (
				7E91B3E229038800003A33E8 /* vlkyApp.swift */,
				7E91B3E429038800003A33E8 /* ContentView.swift */,
				7E7BD23D290393580002F5B9 /* HomeView.swift */,
				7E7BD23F2903937C0002F5B9 /* TimerView.swift */,
				7E7BD241290393BB0002F5B9 /* TodoView.swift */,
				7E7BD243290393D70002F5B9 /* StoreView.swift */,
				7E7BD23B290392580002F5B9 /* vlkyvar.swift */,
				7E91B3E629038804003A33E8 /* Assets.xcassets */,
				7E91B3E829038804003A33E8 /* Preview Content */,
			);
			path = vlky;
			sourceTree = "<group>";
		};
		7E91B3E829038804003A33E8 /* Preview Content */ = {
			isa = PBXGroup;
			children = (
				7E91B3E929038804003A33E8 /* Preview Assets.xcassets */,
			);
			path = "Preview Content";
			sourceTree = "<group>";
		};
/* End PBXGroup section */

/* Begin PBXNativeTarget section */
		7E91B3DE29038800003A33E8 /* vlky */ = {
			isa = PBXNativeTarget;
			buildConfigurationList = 7E91B3ED29038804003A33E8 /* Build configuration list for PBXNativeTarget "vlky" */;
			buildPhases = (
				7E91B3DB29038800003A33E8 /* Sources */,
				7E91B3DC29038800003A33E8 /* Frameworks */,
				7E91B3DD29038800003A33E8 /* Resources */,
			);
			buildRules = (
			);
			dependencies = (
			);
			name = vlky;
			productName = vlky;
			productReference = 7E91B3DF29038800003A33E8 /* vlky.app */;
			productType = "com.apple.product-type.application";
		};
/* End PBXNativeTarget section */

/* Begin PBXProject section */
		7E91B3D729038800003A33E8 /* Project object */ = {
			isa = PBXProject;
			attributes = {
				BuildIndependentTargetsInParallel = 1;
				LastSwiftUpdateCheck = 1340;
				LastUpgradeCheck = 1340;
				TargetAttributes = {
					7E91B3DE29038800003A33E8 = {
						CreatedOnToolsVersion = 13.4.1;
					};
				};
			};
			buildConfigurationList = 7E91B3DA29038800003A33E8 /* Build configuration list for PBXProject "vlky" */;
			compatibilityVersion = "Xcode 13.0";
			developmentRegion = en;
			hasScannedForEncodings = 0;
			knownRegions = (
				en,
				Base,
			);
			mainGroup = 7E91B3D629038800003A33E8;
			productRefGroup = 7E91B3E029038800003A33E8 /* Products */;
			projectDirPath = "";
			projectRoot = "";
			targets = (
				7E91B3DE29038800003A33E8 /* vlky */,
			);
		};
/* End PBXProject section */

/* Begin PBXResourcesBuildPhase section */
		7E91B3DD29038800003A33E8 /* Resources */ = {
			isa = PBXResourcesBuildPhase;
			buildActionMask = 2147483647;
			files = (
				7E91B3EA29038804003A33E8 /* Preview Assets.xcassets in Resources */,
				7E91B3E729038804003A33E8 /* Assets.xcassets in Resources */,
			);
			runOnlyForDeploymentPostprocessing = 0;
		};
/* End PBXResourcesBuildPhase section */

/* Begin PBXSourcesBuildPhase section */
		7E91B3DB29038800003A33E8 /* Sources */ = {
			isa = PBXSourcesBuildPhase;
			buildActionMask = 2147483647;
			files = (
				7E7BD242290393BB0002F5B9 /* TodoView.swift in Sources */,
				7E7BD2402903937C0002F5B9 /* TimerView.swift in Sources */,
				7E91B3E529038800003A33E8 /* ContentView.swift in Sources */,
				7E7BD23E290393580002F5B9 /* HomeView.swift in Sources */,
				7E7BD23C290392580002F5B9 /* vlkyvar.swift in Sources */,
				7E7BD244290393D70002F5B9 /* StoreView.swift in Sources */,
				7E91B3E329038800003A33E8 /* vlkyApp.swift in Sources */,
			);
			runOnlyForDeploymentPostprocessing = 0;
		};
/* End PBXSourcesBuildPhase section */

/* Begin XCBuildConfiguration section */
		7E91B3EB29038804003A33E8 /* Debug */ = {
			isa = XCBuildConfiguration;
			buildSettings = {
				ALWAYS_SEARCH_USER_PATHS = NO;
				CLANG_ANALYZER_NONNULL = YES;
				CLANG_ANALYZER_NUMBER_OBJECT_CONVERSION = YES_AGGRESSIVE;
				CLANG_CXX_LANGUAGE_STANDARD = "gnu++17";
				CLANG_ENABLE_MODULES = YES;
				CLANG_ENABLE_OBJC_ARC = YES;
				CLANG_ENABLE_OBJC_WEAK = YES;
				CLANG_WARN_BLOCK_CAPTURE_AUTORELEASING = YES;
				CLANG_WARN_BOOL_CONVERSION = YES;
				CLANG_WARN_COMMA = YES;
				CLANG_WARN_CONSTANT_CONVERSION = YES;
				CLANG_WARN_DEPRECATED_OBJC_IMPLEMENTATIONS = YES;
				CLANG_WARN_DIRECT_OBJC_ISA_USAGE = YES_ERROR;
				CLANG_WARN_DOCUMENTATION_COMMENTS = YES;
				CLANG_WARN_EMPTY_BODY = YES;
				CLANG_WARN_ENUM_CONVERSION = YES;
				CLANG_WARN_INFINITE_RECURSION = YES;
				CLANG_WARN_INT_CONVERSION = YES;
				CLANG_WARN_NON_LITERAL_NULL_CONVERSION = YES;
				CLANG_WARN_OBJC_IMPLICIT_RETAIN_SELF = YES;
				CLANG_WARN_OBJC_LITERAL_CONVERSION = YES;
				CLANG_WARN_OBJC_ROOT_CLASS = YES_ERROR;
				CLANG_WARN_QUOTED_INCLUDE_IN_FRAMEWORK_HEADER = YES;
				CLANG_WARN_RANGE_LOOP_ANALYSIS = YES;
				CLANG_WARN_STRICT_PROTOTYPES = YES;
				CLANG_WARN_SUSPICIOUS_MOVE = YES;
				CLANG_WARN_UNGUARDED_AVAILABILITY = YES_AGGRESSIVE;
				CLANG_WARN_UNREACHABLE_CODE = YES;
				CLANG_WARN__DUPLICATE_METHOD_MATCH = YES;
				COPY_PHASE_STRIP = NO;
				DEBUG_INFORMATION_FORMAT = dwarf;
				ENABLE_STRICT_OBJC_MSGSEND = YES;
				ENABLE_TESTABILITY = YES;
				GCC_C_LANGUAGE_STANDARD = gnu11;
				GCC_DYNAMIC_NO_PIC = NO;
				GCC_NO_COMMON_BLOCKS = YES;
				GCC_OPTIMIZATION_LEVEL = 0;
				GCC_PREPROCESSOR_DEFINITIONS = (
					"DEBUG=1",
					"$(inherited)",
				);
				GCC_WARN_64_TO_32_BIT_CONVERSION = YES;
				GCC_WARN_ABOUT_RETURN_TYPE = YES_ERROR;
				GCC_WARN_UNDECLARED_SELECTOR = YES;
				GCC_WARN_UNINITIALIZED_AUTOS = YES_AGGRESSIVE;
				GCC_WARN_UNUSED_FUNCTION = YES;
				GCC_WARN_UNUSED_VARIABLE = YES;
				IPHONEOS_DEPLOYMENT_TARGET = 15.5;
				MTL_ENABLE_DEBUG_INFO = INCLUDE_SOURCE;
				MTL_FAST_MATH = YES;
				ONLY_ACTIVE_ARCH = YES;
				SDKROOT = iphoneos;
				SWIFT_ACTIVE_COMPILATION_CONDITIONS = DEBUG;
				SWIFT_OPTIMIZATION_LEVEL = "-Onone";
			};
			name = Debug;
		};
		7E91B3EC29038804003A33E8 /* Release */ = {
			isa = XCBuildConfiguration;
			buildSettings = {
				ALWAYS_SEARCH_USER_PATHS = NO;
				CLANG_ANALYZER_NONNULL = YES;
				CLANG_ANALYZER_NUMBER_OBJECT_CONVERSION = YES_AGGRESSIVE;
				CLANG_CXX_LANGUAGE_STANDARD = "gnu++17";
				CLANG_ENABLE_MODULES = YES;
				CLANG_ENABLE_OBJC_ARC = YES;
				CLANG_ENABLE_OBJC_WEAK = YES;
				CLANG_WARN_BLOCK_CAPTURE_AUTORELEASING = YES;
				CLANG_WARN_BOOL_CONVERSION = YES;
				CLANG_WARN_COMMA = YES;
				CLANG_WARN_CONSTANT_CONVERSION = YES;
				CLANG_WARN_DEPRECATED_OBJC_IMPLEMENTATIONS = YES;
				CLANG_WARN_DIRECT_OBJC_ISA_USAGE = YES_ERROR;
				CLANG_WARN_DOCUMENTATION_COMMENTS = YES;
				CLANG_WARN_EMPTY_BODY = YES;
				CLANG_WARN_ENUM_CONVERSION = YES;
				CLANG_WARN_INFINITE_RECURSION = YES;
				CLANG_WARN_INT_CONVERSION = YES;
				CLANG_WARN_NON_LITERAL_NULL_CONVERSION = YES;
				CLANG_WARN_OBJC_IMPLICIT_RETAIN_SELF = YES;
				CLANG_WARN_OBJC_LITERAL_CONVERSION = YES;
				CLANG_WARN_OBJC_ROOT_CLASS = YES_ERROR;
				CLANG_WARN_QUOTED_INCLUDE_IN_FRAMEWORK_HEADER = YES;
				CLANG_WARN_RANGE_LOOP_ANALYSIS = YES;
				CLANG_WARN_STRICT_PROTOTYPES = YES;
				CLANG_WARN_SUSPICIOUS_MOVE = YES;
				CLANG_WARN_UNGUARDED_AVAILABILITY = YES_AGGRESSIVE;
				CLANG_WARN_UNREACHABLE_CODE = YES;
				CLANG_WARN__DUPLICATE_METHOD_MATCH = YES;
				COPY_PHASE_STRIP = NO;
				DEBUG_INFORMATION_FORMAT = "dwarf-with-dsym";
				ENABLE_NS_ASSERTIONS = NO;
				ENABLE_STRICT_OBJC_MSGSEND = YES;
				GCC_C_LANGUAGE_STANDARD = gnu11;
				GCC_NO_COMMON_BLOCKS = YES;
				GCC_WARN_64_TO_32_BIT_CONVERSION = YES;
				GCC_WARN_ABOUT_RETURN_TYPE = YES_ERROR;
				GCC_WARN_UNDECLARED_SELECTOR = YES;
				GCC_WARN_UNINITIALIZED_AUTOS = YES_AGGRESSIVE;
				GCC_WARN_UNUSED_FUNCTION = YES;
				GCC_WARN_UNUSED_VARIABLE = YES;
				IPHONEOS_DEPLOYMENT_TARGET = 15.5;
				MTL_ENABLE_DEBUG_INFO = NO;
				MTL_FAST_MATH = YES;
				SDKROOT = iphoneos;
				SWIFT_COMPILATION_MODE = wholemodule;
				SWIFT_OPTIMIZATION_LEVEL = "-O";
				VALIDATE_PRODUCT = YES;
			};
			name = Release;
		};
		7E91B3EE29038804003A33E8 /* Debug */ = {
			isa = XCBuildConfiguration;
			buildSettings = {
				ASSETCATALOG_COMPILER_APPICON_NAME = AppIcon;
				ASSETCATALOG_COMPILER_GLOBAL_ACCENT_COLOR_NAME = AccentColor;
				CODE_SIGN_STYLE = Automatic;
				CURRENT_PROJECT_VERSION = 1;
				DEVELOPMENT_ASSET_PATHS = "\"vlky/Preview Content\"";
				ENABLE_PREVIEWS = YES;
				GENERATE_INFOPLIST_FILE = YES;
				INFOPLIST_KEY_UIApplicationSceneManifest_Generation = YES;
				INFOPLIST_KEY_UIApplicationSupportsIndirectInputEvents = YES;
				INFOPLIST_KEY_UILaunchScreen_Generation = YES;
				INFOPLIST_KEY_UISupportedInterfaceOrientations_iPad = "UIInterfaceOrientationPortrait UIInterfaceOrientationPortraitUpsideDown UIInterfaceOrientationLandscapeLeft UIInterfaceOrientationLandscapeRight";
				INFOPLIST_KEY_UISupportedInterfaceOrientations_iPhone = "UIInterfaceOrientationPortrait UIInterfaceOrientationLandscapeLeft UIInterfaceOrientationLandscapeRight";
				LD_RUNPATH_SEARCH_PATHS = (
					"$(inherited)",
					"@executable_path/Frameworks",
				);
				MARKETING_VERSION = 1.0;
				PRODUCT_BUNDLE_IDENTIFIER = lindsey.vlky;
				PRODUCT_NAME = "$(TARGET_NAME)";
				SWIFT_EMIT_LOC_STRINGS = YES;
				SWIFT_VERSION = 5.0;
				TARGETED_DEVICE_FAMILY = "1,2";
			};
			name = Debug;
		};
		7E91B3EF29038804003A33E8 /* Release */ = {
			isa = XCBuildConfiguration;
			buildSettings = {
				ASSETCATALOG_COMPILER_APPICON_NAME = AppIcon;
				ASSETCATALOG_COMPILER_GLOBAL_ACCENT_COLOR_NAME = AccentColor;
				CODE_SIGN_STYLE = Automatic;
				CURRENT_PROJECT_VERSION = 1;
				DEVELOPMENT_ASSET_PATHS = "\"vlky/Preview Content\"";
				ENABLE_PREVIEWS = YES;
				GENERATE_INFOPLIST_FILE = YES;
				INFOPLIST_KEY_UIApplicationSceneManifest_Generation = YES;
				INFOPLIST_KEY_UIApplicationSupportsIndirectInputEvents = YES;
				INFOPLIST_KEY_UILaunchScreen_Generation = YES;
				INFOPLIST_KEY_UISupportedInterfaceOrientations_iPad = "UIInterfaceOrientationPortrait UIInterfaceOrientationPortraitUpsideDown UIInterfaceOrientationLandscapeLeft UIInterfaceOrientationLandscapeRight";
				INFOPLIST_KEY_UISupportedInterfaceOrientations_iPhone = "UIInterfaceOrientationPortrait UIInterfaceOrientationLandscapeLeft UIInterfaceOrientationLandscapeRight";
				LD_RUNPATH_SEARCH_PATHS = (
					"$(inherited)",
					"@executable_path/Frameworks",
				);
				MARKETING_VERSION = 1.0;
				PRODUCT_BUNDLE_IDENTIFIER = lindsey.vlky;
				PRODUCT_NAME = "$(TARGET_NAME)";
				SWIFT_EMIT_LOC_STRINGS = YES;
				SWIFT_VERSION = 5.0;
				TARGETED_DEVICE_FAMILY = "1,2";
			};
			name = Release;
		};
/* End XCBuildConfiguration section */

/* Begin XCConfigurationList section */
		7E91B3DA29038800003A33E8 /* Build configuration list for PBXProject "vlky" */ = {
			isa = XCConfigurationList;
			buildConfigurations = (
				7E91B3EB29038804003A33E8 /* Debug */,
				7E91B3EC29038804003A33E8 /* Release */,
			);
			defaultConfigurationIsVisible = 0;
			defaultConfigurationName = Release;
		};
		7E91B3ED29038804003A33E8 /* Build configuration list for PBXNativeTarget "vlky" */ = {
			isa = XCConfigurationList;
			buildConfigurations = (
				7E91B3EE29038804003A33E8 /* Debug */,
				7E91B3EF29038804003A33E8 /* Release */,
			);
			defaultConfigurationIsVisible = 0;
			defaultConfigurationName = Release;
		};
/* End XCConfigurationList section */
	};
	rootObject = 7E91B3D729038800003A33E8 /* Project object */;
}
